// !$*UTF8*$!
{
	archiveVersion = 1;
	classes = {
	};
	objectVersion = 46;
	objects = {

/* Begin PBXBuildFile section */
		3B54543F19C9ABD9005A2E89 /* Foundation.framework in Frameworks */ = {isa = PBXBuildFile; fileRef = 3B54543E19C9ABD9005A2E89 /* Foundation.framework */; };
		3B54544119C9ABD9005A2E89 /* CoreGraphics.framework in Frameworks */ = {isa = PBXBuildFile; fileRef = 3B54544019C9ABD9005A2E89 /* CoreGraphics.framework */; };
		3B54544319C9ABD9005A2E89 /* UIKit.framework in Frameworks */ = {isa = PBXBuildFile; fileRef = 3B54544219C9ABD9005A2E89 /* UIKit.framework */; };
		3B54544919C9ABD9005A2E89 /* InfoPlist.strings in Resources */ = {isa = PBXBuildFile; fileRef = 3B54544719C9ABD9005A2E89 /* InfoPlist.strings */; };
		3B54544B19C9ABD9005A2E89 /* main.m in Sources */ = {isa = PBXBuildFile; fileRef = 3B54544A19C9ABD9005A2E89 /* main.m */; };
		3B54544F19C9ABD9005A2E89 /* TTAppDelegate.m in Sources */ = {isa = PBXBuildFile; fileRef = 3B54544E19C9ABD9005A2E89 /* TTAppDelegate.m */; };
		3B54545219C9ABD9005A2E89 /* Main_iPhone.storyboard in Resources */ = {isa = PBXBuildFile; fileRef = 3B54545019C9ABD9005A2E89 /* Main_iPhone.storyboard */; };
		3B54545519C9ABD9005A2E89 /* Main_iPad.storyboard in Resources */ = {isa = PBXBuildFile; fileRef = 3B54545319C9ABD9005A2E89 /* Main_iPad.storyboard */; };
		3B54545819C9ABD9005A2E89 /* TTViewController.m in Sources */ = {isa = PBXBuildFile; fileRef = 3B54545719C9ABD9005A2E89 /* TTViewController.m */; };
		3B54545A19C9ABD9005A2E89 /* Images.xcassets in Resources */ = {isa = PBXBuildFile; fileRef = 3B54545919C9ABD9005A2E89 /* Images.xcassets */; };
		3B54546119C9ABD9005A2E89 /* XCTest.framework in Frameworks */ = {isa = PBXBuildFile; fileRef = 3B54546019C9ABD9005A2E89 /* XCTest.framework */; };
		3B54546219C9ABD9005A2E89 /* Foundation.framework in Frameworks */ = {isa = PBXBuildFile; fileRef = 3B54543E19C9ABD9005A2E89 /* Foundation.framework */; };
		3B54546319C9ABD9005A2E89 /* UIKit.framework in Frameworks */ = {isa = PBXBuildFile; fileRef = 3B54544219C9ABD9005A2E89 /* UIKit.framework */; };
		3B54546B19C9ABD9005A2E89 /* InfoPlist.strings in Resources */ = {isa = PBXBuildFile; fileRef = 3B54546919C9ABD9005A2E89 /* InfoPlist.strings */; };
		3B54546D19C9ABD9005A2E89 /* TurboTraderTests.m in Sources */ = {isa = PBXBuildFile; fileRef = 3B54546C19C9ABD9005A2E89 /* TurboTraderTests.m */; };
/* End PBXBuildFile section */

/* Begin PBXContainerItemProxy section */
		3B54546419C9ABD9005A2E89 /* PBXContainerItemProxy */ = {
			isa = PBXContainerItemProxy;
			containerPortal = 3B54543319C9ABD9005A2E89 /* Project object */;
			proxyType = 1;
			remoteGlobalIDString = 3B54543A19C9ABD9005A2E89;
			remoteInfo = TurboTrader;
		};
/* End PBXContainerItemProxy section */

/* Begin PBXFileReference section */
		3B54543B19C9ABD9005A2E89 /* TurboTrader.app */ = {isa = PBXFileReference; explicitFileType = wrapper.application; includeInIndex = 0; path = TurboTrader.app; sourceTree = BUILT_PRODUCTS_DIR; };
		3B54543E19C9ABD9005A2E89 /* Foundation.framework */ = {isa = PBXFileReference; lastKnownFileType = wrapper.framework; name = Foundation.framework; path = System/Library/Frameworks/Foundation.framework; sourceTree = SDKROOT; };
		3B54544019C9ABD9005A2E89 /* CoreGraphics.framework */ = {isa = PBXFileReference; lastKnownFileType = wrapper.framework; name = CoreGraphics.framework; path = System/Library/Frameworks/CoreGraphics.framework; sourceTree = SDKROOT; };
		3B54544219C9ABD9005A2E89 /* UIKit.framework */ = {isa = PBXFileReference; lastKnownFileType = wrapper.framework; name = UIKit.framework; path = System/Library/Frameworks/UIKit.framework; sourceTree = SDKROOT; };
		3B54544619C9ABD9005A2E89 /* TurboTrader-Info.plist */ = {isa = PBXFileReference; lastKnownFileType = text.plist.xml; path = "TurboTrader-Info.plist"; sourceTree = "<group>"; };
		3B54544819C9ABD9005A2E89 /* en */ = {isa = PBXFileReference; lastKnownFileType = text.plist.strings; name = en; path = en.lproj/InfoPlist.strings; sourceTree = "<group>"; };
		3B54544A19C9ABD9005A2E89 /* main.m */ = {isa = PBXFileReference; lastKnownFileType = sourcecode.c.objc; path = main.m; sourceTree = "<group>"; };
		3B54544C19C9ABD9005A2E89 /* TurboTrader-Prefix.pch */ = {isa = PBXFileReference; lastKnownFileType = sourcecode.c.h; path = "TurboTrader-Prefix.pch"; sourceTree = "<group>"; };
		3B54544D19C9ABD9005A2E89 /* TTAppDelegate.h */ = {isa = PBXFileReference; lastKnownFileType = sourcecode.c.h; path = TTAppDelegate.h; sourceTree = "<group>"; };
		3B54544E19C9ABD9005A2E89 /* TTAppDelegate.m */ = {isa = PBXFileReference; lastKnownFileType = sourcecode.c.objc; path = TTAppDelegate.m; sourceTree = "<group>"; };
		3B54545119C9ABD9005A2E89 /* Base */ = {isa = PBXFileReference; lastKnownFileType = file.storyboard; name = Base; path = Base.lproj/Main_iPhone.storyboard; sourceTree = "<group>"; };
		3B54545419C9ABD9005A2E89 /* Base */ = {isa = PBXFileReference; lastKnownFileType = file.storyboard; name = Base; path = Base.lproj/Main_iPad.storyboard; sourceTree = "<group>"; };
		3B54545619C9ABD9005A2E89 /* TTViewController.h */ = {isa = PBXFileReference; lastKnownFileType = sourcecode.c.h; path = TTViewController.h; sourceTree = "<group>"; };
		3B54545719C9ABD9005A2E89 /* TTViewController.m */ = {isa = PBXFileReference; lastKnownFileType = sourcecode.c.objc; path = TTViewController.m; sourceTree = "<group>"; };
		3B54545919C9ABD9005A2E89 /* Images.xcassets */ = {isa = PBXFileReference; lastKnownFileType = folder.assetcatalog; path = Images.xcassets; sourceTree = "<group>"; };
		3B54545F19C9ABD9005A2E89 /* TurboTraderTests.xctest */ = {isa = PBXFileReference; explicitFileType = wrapper.cfbundle; includeInIndex = 0; path = TurboTraderTests.xctest; sourceTree = BUILT_PRODUCTS_DIR; };
		3B54546019C9ABD9005A2E89 /* XCTest.framework */ = {isa = PBXFileReference; lastKnownFileType = wrapper.framework; name = XCTest.framework; path = Library/Frameworks/XCTest.framework; sourceTree = DEVELOPER_DIR; };
		3B54546819C9ABD9005A2E89 /* TurboTraderTests-Info.plist */ = {isa = PBXFileReference; lastKnownFileType = text.plist.xml; path = "TurboTraderTests-Info.plist"; sourceTree = "<group>"; };
		3B54546A19C9ABD9005A2E89 /* en */ = {isa = PBXFileReference; lastKnownFileType = text.plist.strings; name = en; path = en.lproj/InfoPlist.strings; sourceTree = "<group>"; };
		3B54546C19C9ABD9005A2E89 /* TurboTraderTests.m */ = {isa = PBXFileReference; lastKnownFileType = sourcecode.c.objc; path = TurboTraderTests.m; sourceTree = "<group>"; };
/* End PBXFileReference section */

/* Begin PBXFrameworksBuildPhase section */
		3B54543819C9ABD9005A2E89 /* Frameworks */ = {
			isa = PBXFrameworksBuildPhase;
			buildActionMask = 2147483647;
			files = (
				3B54544119C9ABD9005A2E89 /* CoreGraphics.framework in Frameworks */,
				3B54544319C9ABD9005A2E89 /* UIKit.framework in Frameworks */,
				3B54543F19C9ABD9005A2E89 /* Foundation.framework in Frameworks */,
			);
			runOnlyForDeploymentPostprocessing = 0;
		};
		3B54545C19C9ABD9005A2E89 /* Frameworks */ = {
			isa = PBXFrameworksBuildPhase;
			buildActionMask = 2147483647;
			files = (
				3B54546119C9ABD9005A2E89 /* XCTest.framework in Frameworks */,
				3B54546319C9ABD9005A2E89 /* UIKit.framework in Frameworks */,
				3B54546219C9ABD9005A2E89 /* Foundation.framework in Frameworks */,
			);
			runOnlyForDeploymentPostprocessing = 0;
		};
/* End PBXFrameworksBuildPhase section */

/* Begin PBXGroup section */
		3B54543219C9ABD9005A2E89 = {
			isa = PBXGroup;
			children = (
				3B54544419C9ABD9005A2E89 /* TurboTrader */,
				3B54546619C9ABD9005A2E89 /* TurboTraderTests */,
				3B54543D19C9ABD9005A2E89 /* Frameworks */,
				3B54543C19C9ABD9005A2E89 /* Products */,
			);
			sourceTree = "<group>";
		};
		3B54543C19C9ABD9005A2E89 /* Products */ = {
			isa = PBXGroup;
			children = (
				3B54543B19C9ABD9005A2E89 /* TurboTrader.app */,
				3B54545F19C9ABD9005A2E89 /* TurboTraderTests.xctest */,
			);
			name = Products;
			sourceTree = "<group>";
		};
		3B54543D19C9ABD9005A2E89 /* Frameworks */ = {
			isa = PBXGroup;
			children = (
				3B54543E19C9ABD9005A2E89 /* Foundation.framework */,
				3B54544019C9ABD9005A2E89 /* CoreGraphics.framework */,
				3B54544219C9ABD9005A2E89 /* UIKit.framework */,
				3B54546019C9ABD9005A2E89 /* XCTest.framework */,
			);
			name = Frameworks;
			sourceTree = "<group>";
		};
		3B54544419C9ABD9005A2E89 /* TurboTrader */ = {
			isa = PBXGroup;
			children = (
				3B54544D19C9ABD9005A2E89 /* TTAppDelegate.h */,
				3B54544E19C9ABD9005A2E89 /* TTAppDelegate.m */,
				3B54545019C9ABD9005A2E89 /* Main_iPhone.storyboard */,
				3B54545319C9ABD9005A2E89 /* Main_iPad.storyboard */,
				3B54545619C9ABD9005A2E89 /* TTViewController.h */,
				3B54545719C9ABD9005A2E89 /* TTViewController.m */,
				3B54545919C9ABD9005A2E89 /* Images.xcassets */,
				3B54544519C9ABD9005A2E89 /* Supporting Files */,
			);
			path = TurboTrader;
			sourceTree = "<group>";
		};
		3B54544519C9ABD9005A2E89 /* Supporting Files */ = {
			isa = PBXGroup;
			children = (
				3B54544619C9ABD9005A2E89 /* TurboTrader-Info.plist */,
				3B54544719C9ABD9005A2E89 /* InfoPlist.strings */,
				3B54544A19C9ABD9005A2E89 /* main.m */,
				3B54544C19C9ABD9005A2E89 /* TurboTrader-Prefix.pch */,
			);
			name = "Supporting Files";
			sourceTree = "<group>";
		};
		3B54546619C9ABD9005A2E89 /* TurboTraderTests */ = {
			isa = PBXGroup;
			children = (
				3B54546C19C9ABD9005A2E89 /* TurboTraderTests.m */,
				3B54546719C9ABD9005A2E89 /* Supporting Files */,
			);
			path = TurboTraderTests;
			sourceTree = "<group>";
		};
		3B54546719C9ABD9005A2E89 /* Supporting Files */ = {
			isa = PBXGroup;
			children = (
				3B54546819C9ABD9005A2E89 /* TurboTraderTests-Info.plist */,
				3B54546919C9ABD9005A2E89 /* InfoPlist.strings */,
			);
			name = "Supporting Files";
			sourceTree = "<group>";
		};
/* End PBXGroup section */

/* Begin PBXNativeTarget section */
		3B54543A19C9ABD9005A2E89 /* TurboTrader */ = {
			isa = PBXNativeTarget;
			buildConfigurationList = 3B54547019C9ABD9005A2E89 /* Build configuration list for PBXNativeTarget "TurboTrader" */;
			buildPhases = (
				3B54543719C9ABD9005A2E89 /* Sources */,
				3B54543819C9ABD9005A2E89 /* Frameworks */,
				3B54543919C9ABD9005A2E89 /* Resources */,
			);
			buildRules = (
			);
			dependencies = (
			);
			name = TurboTrader;
			productName = TurboTrader;
			productReference = 3B54543B19C9ABD9005A2E89 /* TurboTrader.app */;
			productType = "com.apple.product-type.application";
		};
		3B54545E19C9ABD9005A2E89 /* TurboTraderTests */ = {
			isa = PBXNativeTarget;
			buildConfigurationList = 3B54547319C9ABD9005A2E89 /* Build configuration list for PBXNativeTarget "TurboTraderTests" */;
			buildPhases = (
				3B54545B19C9ABD9005A2E89 /* Sources */,
				3B54545C19C9ABD9005A2E89 /* Frameworks */,
				3B54545D19C9ABD9005A2E89 /* Resources */,
			);
			buildRules = (
			);
			dependencies = (
				3B54546519C9ABD9005A2E89 /* PBXTargetDependency */,
			);
			name = TurboTraderTests;
			productName = TurboTraderTests;
			productReference = 3B54545F19C9ABD9005A2E89 /* TurboTraderTests.xctest */;
			productType = "com.apple.product-type.bundle.unit-test";
		};
/* End PBXNativeTarget section */

/* Begin PBXProject section */
		3B54543319C9ABD9005A2E89 /* Project object */ = {
			isa = PBXProject;
			attributes = {
				CLASSPREFIX = TT;
				LastUpgradeCheck = 0510;
				ORGANIZATIONNAME = "Joe Nash";
				TargetAttributes = {
					3B54545E19C9ABD9005A2E89 = {
						TestTargetID = 3B54543A19C9ABD9005A2E89;
					};
				};
			};
			buildConfigurationList = 3B54543619C9ABD9005A2E89 /* Build configuration list for PBXProject "TurboTrader" */;
			compatibilityVersion = "Xcode 3.2";
			developmentRegion = English;
			hasScannedForEncodings = 0;
			knownRegions = (
				en,
				Base,
			);
			mainGroup = 3B54543219C9ABD9005A2E89;
			productRefGroup = 3B54543C19C9ABD9005A2E89 /* Products */;
			projectDirPath = "";
			projectRoot = "";
			targets = (
				3B54543A19C9ABD9005A2E89 /* TurboTrader */,
				3B54545E19C9ABD9005A2E89 /* TurboTraderTests */,
			);
		};
/* End PBXProject section */

/* Begin PBXResourcesBuildPhase section */
		3B54543919C9ABD9005A2E89 /* Resources */ = {
			isa = PBXResourcesBuildPhase;
			buildActionMask = 2147483647;
			files = (
				3B54545519C9ABD9005A2E89 /* Main_iPad.storyboard in Resources */,
				3B54545A19C9ABD9005A2E89 /* Images.xcassets in Resources */,
				3B54545219C9ABD9005A2E89 /* Main_iPhone.storyboard in Resources */,
				3B54544919C9ABD9005A2E89 /* InfoPlist.strings in Resources */,
			);
			runOnlyForDeploymentPostprocessing = 0;
		};
		3B54545D19C9ABD9005A2E89 /* Resources */ = {
			isa = PBXResourcesBuildPhase;
			buildActionMask = 2147483647;
			files = (
				3B54546B19C9ABD9005A2E89 /* InfoPlist.strings in Resources */,
			);
			runOnlyForDeploymentPostprocessing = 0;
		};
/* End PBXResourcesBuildPhase section */

/* Begin PBXSourcesBuildPhase section */
		3B54543719C9ABD9005A2E89 /* Sources */ = {
			isa = PBXSourcesBuildPhase;
			buildActionMask = 2147483647;
			files = (
				3B54544F19C9ABD9005A2E89 /* TTAppDelegate.m in Sources */,
				3B54544B19C9ABD9005A2E89 /* main.m in Sources */,
				3B54545819C9ABD9005A2E89 /* TTViewController.m in Sources */,
			);
			runOnlyForDeploymentPostprocessing = 0;
		};
		3B54545B19C9ABD9005A2E89 /* Sources */ = {
			isa = PBXSourcesBuildPhase;
			buildActionMask = 2147483647;
			files = (
				3B54546D19C9ABD9005A2E89 /* TurboTraderTests.m in Sources */,
			);
			runOnlyForDeploymentPostprocessing = 0;
		};
/* End PBXSourcesBuildPhase section */

/* Begin PBXTargetDependency section */
		3B54546519C9ABD9005A2E89 /* PBXTargetDependency */ = {
			isa = PBXTargetDependency;
			target = 3B54543A19C9ABD9005A2E89 /* TurboTrader */;
			targetProxy = 3B54546419C9ABD9005A2E89 /* PBXContainerItemProxy */;
		};
/* End PBXTargetDependency section */

/* Begin PBXVariantGroup section */
		3B54544719C9ABD9005A2E89 /* InfoPlist.strings */ = {
			isa = PBXVariantGroup;
			children = (
				3B54544819C9ABD9005A2E89 /* en */,
			);
			name = InfoPlist.strings;
			sourceTree = "<group>";
		};
		3B54545019C9ABD9005A2E89 /* Main_iPhone.storyboard */ = {
			isa = PBXVariantGroup;
			children = (
				3B54545119C9ABD9005A2E89 /* Base */,
			);
			name = Main_iPhone.storyboard;
			sourceTree = "<group>";
		};
		3B54545319C9ABD9005A2E89 /* Main_iPad.storyboard */ = {
			isa = PBXVariantGroup;
			children = (
				3B54545419C9ABD9005A2E89 /* Base */,
			);
			name = Main_iPad.storyboard;
			sourceTree = "<group>";
		};
		3B54546919C9ABD9005A2E89 /* InfoPlist.strings */ = {
			isa = PBXVariantGroup;
			children = (
				3B54546A19C9ABD9005A2E89 /* en */,
			);
			name = InfoPlist.strings;
			sourceTree = "<group>";
		};
/* End PBXVariantGroup section */

/* Begin XCBuildConfiguration section */
		3B54546E19C9ABD9005A2E89 /* Debug */ = {
			isa = XCBuildConfiguration;
			buildSettings = {
				ALWAYS_SEARCH_USER_PATHS = NO;
				CLANG_CXX_LANGUAGE_STANDARD = "gnu++0x";
				CLANG_CXX_LIBRARY = "libc++";
				CLANG_ENABLE_MODULES = YES;
				CLANG_ENABLE_OBJC_ARC = YES;
				CLANG_WARN_BOOL_CONVERSION = YES;
				CLANG_WARN_CONSTANT_CONVERSION = YES;
				CLANG_WARN_DIRECT_OBJC_ISA_USAGE = YES_ERROR;
				CLANG_WARN_EMPTY_BODY = YES;
				CLANG_WARN_ENUM_CONVERSION = YES;
				CLANG_WARN_INT_CONVERSION = YES;
				CLANG_WARN_OBJC_ROOT_CLASS = YES_ERROR;
				CLANG_WARN__DUPLICATE_METHOD_MATCH = YES;
				"CODE_SIGN_IDENTITY[sdk=iphoneos*]" = "iPhone Developer";
				COPY_PHASE_STRIP = NO;
				GCC_C_LANGUAGE_STANDARD = gnu99;
				GCC_DYNAMIC_NO_PIC = NO;
				GCC_OPTIMIZATION_LEVEL = 0;
				GCC_PREPROCESSOR_DEFINITIONS = (
					"DEBUG=1",
					"$(inherited)",
				);
				GCC_SYMBOLS_PRIVATE_EXTERN = NO;
				GCC_WARN_64_TO_32_BIT_CONVERSION = YES;
				GCC_WARN_ABOUT_RETURN_TYPE = YES_ERROR;
				GCC_WARN_UNDECLARED_SELECTOR = YES;
				GCC_WARN_UNINITIALIZED_AUTOS = YES_AGGRESSIVE;
				GCC_WARN_UNUSED_FUNCTION = YES;
				GCC_WARN_UNUSED_VARIABLE = YES;
				IPHONEOS_DEPLOYMENT_TARGET = 7.1;
				ONLY_ACTIVE_ARCH = YES;
				SDKROOT = iphoneos;
				TARGETED_DEVICE_FAMILY = "1,2";
			};
			name = Debug;
		};
		3B54546F19C9ABD9005A2E89 /* Release */ = {
			isa = XCBuildConfiguration;
			buildSettings = {
				ALWAYS_SEARCH_USER_PATHS = NO;
				CLANG_CXX_LANGUAGE_STANDARD = "gnu++0x";
				CLANG_CXX_LIBRARY = "libc++";
				CLANG_ENABLE_MODULES = YES;
				CLANG_ENABLE_OBJC_ARC = YES;
				CLANG_WARN_BOOL_CONVERSION = YES;
				CLANG_WARN_CONSTANT_CONVERSION = YES;
				CLANG_WARN_DIRECT_OBJC_ISA_USAGE = YES_ERROR;
				CLANG_WARN_EMPTY_BODY = YES;
				CLANG_WARN_ENUM_CONVERSION = YES;
				CLANG_WARN_INT_CONVERSION = YES;
				CLANG_WARN_OBJC_ROOT_CLASS = YES_ERROR;
				CLANG_WARN__DUPLICATE_METHOD_MATCH = YES;
				"CODE_SIGN_IDENTITY[sdk=iphoneos*]" = "iPhone Developer";
				COPY_PHASE_STRIP = YES;
				ENABLE_NS_ASSERTIONS = NO;
				GCC_C_LANGUAGE_STANDARD = gnu99;
				GCC_WARN_64_TO_32_BIT_CONVERSION = YES;
				GCC_WARN_ABOUT_RETURN_TYPE = YES_ERROR;
				GCC_WARN_UNDECLARED_SELECTOR = YES;
				GCC_WARN_UNINITIALIZED_AUTOS = YES_AGGRESSIVE;
				GCC_WARN_UNUSED_FUNCTION = YES;
				GCC_WARN_UNUSED_VARIABLE = YES;
				IPHONEOS_DEPLOYMENT_TARGET = 7.1;
				SDKROOT = iphoneos;
				TARGETED_DEVICE_FAMILY = "1,2";
				VALIDATE_PRODUCT = YES;
			};
			name = Release;
		};
		3B54547119C9ABD9005A2E89 /* Debug */ = {
			isa = XCBuildConfiguration;
			buildSettings = {
				ASSETCATALOG_COMPILER_APPICON_NAME = AppIcon;
				ASSETCATALOG_COMPILER_LAUNCHIMAGE_NAME = LaunchImage;
				GCC_PRECOMPILE_PREFIX_HEADER = YES;
				GCC_PREFIX_HEADER = "TurboTrader/TurboTrader-Prefix.pch";
				INFOPLIST_FILE = "TurboTrader/TurboTrader-Info.plist";
				PRODUCT_NAME = "$(TARGET_NAME)";
				WRAPPER_EXTENSION = app;
			};
			name = Debug;
		};
		3B54547219C9ABD9005A2E89 /* Release */ = {
			isa = XCBuildConfiguration;
			buildSettings = {
				ASSETCATALOG_COMPILER_APPICON_NAME = AppIcon;
				ASSETCATALOG_COMPILER_LAUNCHIMAGE_NAME = LaunchImage;
				GCC_PRECOMPILE_PREFIX_HEADER = YES;
				GCC_PREFIX_HEADER = "TurboTrader/TurboTrader-Prefix.pch";
				INFOPLIST_FILE = "TurboTrader/TurboTrader-Info.plist";
				PRODUCT_NAME = "$(TARGET_NAME)";
				WRAPPER_EXTENSION = app;
			};
			name = Release;
		};
		3B54547419C9ABD9005A2E89 /* Debug */ = {
			isa = XCBuildConfiguration;
			buildSettings = {
				BUNDLE_LOADER = "$(BUILT_PRODUCTS_DIR)/TurboTrader.app/TurboTrader";
				FRAMEWORK_SEARCH_PATHS = (
					"$(SDKROOT)/Developer/Library/Frameworks",
					"$(inherited)",
					"$(DEVELOPER_FRAMEWORKS_DIR)",
				);
				GCC_PRECOMPILE_PREFIX_HEADER = YES;
				GCC_PREFIX_HEADER = "TurboTrader/TurboTrader-Prefix.pch";
				GCC_PREPROCESSOR_DEFINITIONS = (
					"DEBUG=1",
					"$(inherited)",
				);
				INFOPLIST_FILE = "TurboTraderTests/TurboTraderTests-Info.plist";
				PRODUCT_NAME = "$(TARGET_NAME)";
				TEST_HOST = "$(BUNDLE_LOADER)";
				WRAPPER_EXTENSION = xctest;
			};
			name = Debug;
		};
		3B54547519C9ABD9005A2E89 /* Release */ = {
			isa = XCBuildConfiguration;
			buildSettings = {
				BUNDLE_LOADER = "$(BUILT_PRODUCTS_DIR)/TurboTrader.app/TurboTrader";
				FRAMEWORK_SEARCH_PATHS = (
					"$(SDKROOT)/Developer/Library/Frameworks",
					"$(inherited)",
					"$(DEVELOPER_FRAMEWORKS_DIR)",
				);
				GCC_PRECOMPILE_PREFIX_HEADER = YES;
				GCC_PREFIX_HEADER = "TurboTrader/TurboTrader-Prefix.pch";
				INFOPLIST_FILE = "TurboTraderTests/TurboTraderTests-Info.plist";
				PRODUCT_NAME = "$(TARGET_NAME)";
				TEST_HOST = "$(BUNDLE_LOADER)";
				WRAPPER_EXTENSION = xctest;
			};
			name = Release;
		};
/* End XCBuildConfiguration section */

/* Begin XCConfigurationList section */
		3B54543619C9ABD9005A2E89 /* Build configuration list for PBXProject "TurboTrader" */ = {
			isa = XCConfigurationList;
			buildConfigurations = (
				3B54546E19C9ABD9005A2E89 /* Debug */,
				3B54546F19C9ABD9005A2E89 /* Release */,
			);
			defaultConfigurationIsVisible = 0;
			defaultConfigurationName = Release;
		};
		3B54547019C9ABD9005A2E89 /* Build configuration list for PBXNativeTarget "TurboTrader" */ = {
			isa = XCConfigurationList;
			buildConfigurations = (
				3B54547119C9ABD9005A2E89 /* Debug */,
				3B54547219C9ABD9005A2E89 /* Release */,
			);
			defaultConfigurationIsVisible = 0;
		};
		3B54547319C9ABD9005A2E89 /* Build configuration list for PBXNativeTarget "TurboTraderTests" */ = {
			isa = XCConfigurationList;
			buildConfigurations = (
				3B54547419C9ABD9005A2E89 /* Debug */,
				3B54547519C9ABD9005A2E89 /* Release */,
			);
			defaultConfigurationIsVisible = 0;
		};
/* End XCConfigurationList section */
	};
	rootObject = 3B54543319C9ABD9005A2E89 /* Project object */;
}
